
Microsoft Visual Studio Solution File, Format Version 12.00
Project("{FAE04EC0-301F-11D3-BF4B-00C04F79EFBC}") = "TS4Plumbob.Core", "TS4Plumbob.Core\TS4Plumbob.Core.csproj", "{D39DD279-39FC-407B-98B1-EDE8C9818BB1}"
EndProject
Project("{FAE04EC0-301F-11D3-BF4B-00C04F79EFBC}") = "TS4Plumbob.CLI", "TS4Plumbob.CLI\TS4Plumbob.CLI.csproj", "{328F3DFB-9916-4A43-9DA5-692E2AE4B127}"
EndProject
Project("{FAE04EC0-301F-11D3-BF4B-00C04F79EFBC}") = "TS4Plumbob.WinForm", "TS4Plumbob.WinForm\TS4Plumbob.WinForm.csproj", "{80366BE5-E1E0-4687-A40C-5AD053C4888A}"
EndProject
Project("{FAE04EC0-301F-11D3-BF4B-00C04F79EFBC}") = "PlumbobModManager.Tests", "PlumbobModManager.Tests\PlumbobModManager.Tests.csproj", "{0AC8C5D6-2EF1-418C-8C5E-B58C88B4EBB2}"
EndProject
Project("{FAE04EC0-301F-11D3-BF4B-00C04F79EFBC}") = "IDEK.Tools.StateExMachina", "IDEK.Tools.StateExMachina\IDEK.Tools.StateExMachina.csproj", "{8E60369F-A6CF-42BC-B910-3DFFFD9FD3D4}"
EndProject
Project("{FAE04EC0-301F-11D3-BF4B-00C04F79EFBC}") = "IDEK.Tools.Shocktrooper", "IDEK.Tools.Shocktrooper\IDEK.Tools.Shocktrooper.csproj", "{35A9CAD3-0A9E-4E47-B46E-F5FF96EAFBF6}"
EndProject
Project("{FAE04EC0-301F-11D3-BF4B-00C04F79EFBC}") = "IDEK.Tools.Trove", "IDEK.Tools.Trove\IDEK.Tools.Trove.csproj", "{83669E30-9DB4-4641-A549-CAD54C339792}"
EndProject
Project("{FAE04EC0-301F-11D3-BF4B-00C04F79EFBC}") = "TS4Plumbob.Avalonia", "TS4Plumbob.Avalonia\TS4Plumbob.Avalonia.csproj", "{C80652A2-B5BE-408C-80F5-9EA569ACC28D}"
EndProject
Global
	GlobalSection(SolutionConfigurationPlatforms) = preSolution
		Debug|Any CPU = Debug|Any CPU
		Debug|x64 = Debug|x64
		Debug|x86 = Debug|x86
		Release|Any CPU = Release|Any CPU
		Release|x64 = Release|x64
		Release|x86 = Release|x86
	EndGlobalSection
	GlobalSection(ProjectConfigurationPlatforms) = postSolution
		{D39DD279-39FC-407B-98B1-EDE8C9818BB1}.Debug|Any CPU.ActiveCfg = Debug|Any CPU
		{D39DD279-39FC-407B-98B1-EDE8C9818BB1}.Debug|Any CPU.Build.0 = Debug|Any CPU
		{D39DD279-39FC-407B-98B1-EDE8C9818BB1}.Debug|x64.ActiveCfg = Debug|Any CPU
		{D39DD279-39FC-407B-98B1-EDE8C9818BB1}.Debug|x64.Build.0 = Debug|Any CPU
		{D39DD279-39FC-407B-98B1-EDE8C9818BB1}.Debug|x86.ActiveCfg = Debug|Any CPU
		{D39DD279-39FC-407B-98B1-EDE8C9818BB1}.Debug|x86.Build.0 = Debug|Any CPU
		{D39DD279-39FC-407B-98B1-EDE8C9818BB1}.Release|Any CPU.ActiveCfg = Release|Any CPU
		{D39DD279-39FC-407B-98B1-EDE8C9818BB1}.Release|Any CPU.Build.0 = Release|Any CPU
		{D39DD279-39FC-407B-98B1-EDE8C9818BB1}.Release|x64.ActiveCfg = Release|Any CPU
		{D39DD279-39FC-407B-98B1-EDE8C9818BB1}.Release|x64.Build.0 = Release|Any CPU
		{D39DD279-39FC-407B-98B1-EDE8C9818BB1}.Release|x86.ActiveCfg = Release|Any CPU
		{D39DD279-39FC-407B-98B1-EDE8C9818BB1}.Release|x86.Build.0 = Release|Any CPU
		{328F3DFB-9916-4A43-9DA5-692E2AE4B127}.Debug|Any CPU.ActiveCfg = Debug|Any CPU
		{328F3DFB-9916-4A43-9DA5-692E2AE4B127}.Debug|Any CPU.Build.0 = Debug|Any CPU
		{328F3DFB-9916-4A43-9DA5-692E2AE4B127}.Debug|x64.ActiveCfg = Debug|Any CPU
		{328F3DFB-9916-4A43-9DA5-692E2AE4B127}.Debug|x64.Build.0 = Debug|Any CPU
		{328F3DFB-9916-4A43-9DA5-692E2AE4B127}.Debug|x86.ActiveCfg = Debug|Any CPU
		{328F3DFB-9916-4A43-9DA5-692E2AE4B127}.Debug|x86.Build.0 = Debug|Any CPU
		{328F3DFB-9916-4A43-9DA5-692E2AE4B127}.Release|Any CPU.ActiveCfg = Release|Any CPU
		{328F3DFB-9916-4A43-9DA5-692E2AE4B127}.Release|Any CPU.Build.0 = Release|Any CPU
		{328F3DFB-9916-4A43-9DA5-692E2AE4B127}.Release|x64.ActiveCfg = Release|Any CPU
		{328F3DFB-9916-4A43-9DA5-692E2AE4B127}.Release|x64.Build.0 = Release|Any CPU
		{328F3DFB-9916-4A43-9DA5-692E2AE4B127}.Release|x86.ActiveCfg = Release|Any CPU
		{328F3DFB-9916-4A43-9DA5-692E2AE4B127}.Release|x86.Build.0 = Release|Any CPU
		{80366BE5-E1E0-4687-A40C-5AD053C4888A}.Debug|Any CPU.ActiveCfg = Debug|Any CPU
		{80366BE5-E1E0-4687-A40C-5AD053C4888A}.Debug|Any CPU.Build.0 = Debug|Any CPU
		{80366BE5-E1E0-4687-A40C-5AD053C4888A}.Debug|x64.ActiveCfg = Debug|Any CPU
		{80366BE5-E1E0-4687-A40C-5AD053C4888A}.Debug|x64.Build.0 = Debug|Any CPU
		{80366BE5-E1E0-4687-A40C-5AD053C4888A}.Debug|x86.ActiveCfg = Debug|Any CPU
		{80366BE5-E1E0-4687-A40C-5AD053C4888A}.Debug|x86.Build.0 = Debug|Any CPU
		{80366BE5-E1E0-4687-A40C-5AD053C4888A}.Release|Any CPU.ActiveCfg = Release|Any CPU
		{80366BE5-E1E0-4687-A40C-5AD053C4888A}.Release|Any CPU.Build.0 = Release|Any CPU
		{80366BE5-E1E0-4687-A40C-5AD053C4888A}.Release|x64.ActiveCfg = Release|Any CPU
		{80366BE5-E1E0-4687-A40C-5AD053C4888A}.Release|x64.Build.0 = Release|Any CPU
		{80366BE5-E1E0-4687-A40C-5AD053C4888A}.Release|x86.ActiveCfg = Release|Any CPU
		{80366BE5-E1E0-4687-A40C-5AD053C4888A}.Release|x86.Build.0 = Release|Any CPU
		{0AC8C5D6-2EF1-418C-8C5E-B58C88B4EBB2}.Debug|Any CPU.ActiveCfg = Debug|Any CPU
		{0AC8C5D6-2EF1-418C-8C5E-B58C88B4EBB2}.Debug|Any CPU.Build.0 = Debug|Any CPU
		{0AC8C5D6-2EF1-418C-8C5E-B58C88B4EBB2}.Debug|x64.ActiveCfg = Debug|Any CPU
		{0AC8C5D6-2EF1-418C-8C5E-B58C88B4EBB2}.Debug|x64.Build.0 = Debug|Any CPU
		{0AC8C5D6-2EF1-418C-8C5E-B58C88B4EBB2}.Debug|x86.ActiveCfg = Debug|Any CPU
		{0AC8C5D6-2EF1-418C-8C5E-B58C88B4EBB2}.Debug|x86.Build.0 = Debug|Any CPU
		{0AC8C5D6-2EF1-418C-8C5E-B58C88B4EBB2}.Release|Any CPU.ActiveCfg = Release|Any CPU
		{0AC8C5D6-2EF1-418C-8C5E-B58C88B4EBB2}.Release|Any CPU.Build.0 = Release|Any CPU
		{0AC8C5D6-2EF1-418C-8C5E-B58C88B4EBB2}.Release|x64.ActiveCfg = Release|Any CPU
		{0AC8C5D6-2EF1-418C-8C5E-B58C88B4EBB2}.Release|x64.Build.0 = Release|Any CPU
		{0AC8C5D6-2EF1-418C-8C5E-B58C88B4EBB2}.Release|x86.ActiveCfg = Release|Any CPU
		{0AC8C5D6-2EF1-418C-8C5E-B58C88B4EBB2}.Release|x86.Build.0 = Release|Any CPU
		{8E60369F-A6CF-42BC-B910-3DFFFD9FD3D4}.Debug|Any CPU.ActiveCfg = Debug|Any CPU
		{8E60369F-A6CF-42BC-B910-3DFFFD9FD3D4}.Debug|Any CPU.Build.0 = Debug|Any CPU
		{8E60369F-A6CF-42BC-B910-3DFFFD9FD3D4}.Debug|x64.ActiveCfg = Debug|Any CPU
		{8E60369F-A6CF-42BC-B910-3DFFFD9FD3D4}.Debug|x64.Build.0 = Debug|Any CPU
		{8E60369F-A6CF-42BC-B910-3DFFFD9FD3D4}.Debug|x86.ActiveCfg = Debug|Any CPU
		{8E60369F-A6CF-42BC-B910-3DFFFD9FD3D4}.Debug|x86.Build.0 = Debug|Any CPU
		{8E60369F-A6CF-42BC-B910-3DFFFD9FD3D4}.Release|Any CPU.ActiveCfg = Release|Any CPU
		{8E60369F-A6CF-42BC-B910-3DFFFD9FD3D4}.Release|Any CPU.Build.0 = Release|Any CPU
		{8E60369F-A6CF-42BC-B910-3DFFFD9FD3D4}.Release|x64.ActiveCfg = Release|Any CPU
		{8E60369F-A6CF-42BC-B910-3DFFFD9FD3D4}.Release|x64.Build.0 = Release|Any CPU
		{8E60369F-A6CF-42BC-B910-3DFFFD9FD3D4}.Release|x86.ActiveCfg = Release|Any CPU
		{8E60369F-A6CF-42BC-B910-3DFFFD9FD3D4}.Release|x86.Build.0 = Release|Any CPU
		{35A9CAD3-0A9E-4E47-B46E-F5FF96EAFBF6}.Debug|Any CPU.ActiveCfg = Debug|Any CPU
		{35A9CAD3-0A9E-4E47-B46E-F5FF96EAFBF6}.Debug|Any CPU.Build.0 = Debug|Any CPU
		{35A9CAD3-0A9E-4E47-B46E-F5FF96EAFBF6}.Debug|x64.ActiveCfg = Debug|Any CPU
		{35A9CAD3-0A9E-4E47-B46E-F5FF96EAFBF6}.Debug|x64.Build.0 = Debug|Any CPU
		{35A9CAD3-0A9E-4E47-B46E-F5FF96EAFBF6}.Debug|x86.ActiveCfg = Debug|Any CPU
		{35A9CAD3-0A9E-4E47-B46E-F5FF96EAFBF6}.Debug|x86.Build.0 = Debug|Any CPU
		{35A9CAD3-0A9E-4E47-B46E-F5FF96EAFBF6}.Release|Any CPU.ActiveCfg = Release|Any CPU
		{35A9CAD3-0A9E-4E47-B46E-F5FF96EAFBF6}.Release|Any CPU.Build.0 = Release|Any CPU
		{35A9CAD3-0A9E-4E47-B46E-F5FF96EAFBF6}.Release|x64.ActiveCfg = Release|Any CPU
		{35A9CAD3-0A9E-4E47-B46E-F5FF96EAFBF6}.Release|x64.Build.0 = Release|Any CPU
		{35A9CAD3-0A9E-4E47-B46E-F5FF96EAFBF6}.Release|x86.ActiveCfg = Release|Any CPU
		{35A9CAD3-0A9E-4E47-B46E-F5FF96EAFBF6}.Release|x86.Build.0 = Release|Any CPU
		{83669E30-9DB4-4641-A549-CAD54C339792}.Debug|Any CPU.ActiveCfg = Debug|Any CPU
		{83669E30-9DB4-4641-A549-CAD54C339792}.Debug|Any CPU.Build.0 = Debug|Any CPU
		{83669E30-9DB4-4641-A549-CAD54C339792}.Debug|x64.ActiveCfg = Debug|Any CPU
		{83669E30-9DB4-4641-A549-CAD54C339792}.Debug|x64.Build.0 = Debug|Any CPU
		{83669E30-9DB4-4641-A549-CAD54C339792}.Debug|x86.ActiveCfg = Debug|Any CPU
		{83669E30-9DB4-4641-A549-CAD54C339792}.Debug|x86.Build.0 = Debug|Any CPU
		{83669E30-9DB4-4641-A549-CAD54C339792}.Release|Any CPU.ActiveCfg = Release|Any CPU
		{83669E30-9DB4-4641-A549-CAD54C339792}.Release|Any CPU.Build.0 = Release|Any CPU
		{83669E30-9DB4-4641-A549-CAD54C339792}.Release|x64.ActiveCfg = Release|Any CPU
		{83669E30-9DB4-4641-A549-CAD54C339792}.Release|x64.Build.0 = Release|Any CPU
		{83669E30-9DB4-4641-A549-CAD54C339792}.Release|x86.ActiveCfg = Release|Any CPU
		{83669E30-9DB4-4641-A549-CAD54C339792}.Release|x86.Build.0 = Release|Any CPU
		{C80652A2-B5BE-408C-80F5-9EA569ACC28D}.Debug|Any CPU.ActiveCfg = Debug|Any CPU
		{C80652A2-B5BE-408C-80F5-9EA569ACC28D}.Debug|Any CPU.Build.0 = Debug|Any CPU
		{C80652A2-B5BE-408C-80F5-9EA569ACC28D}.Debug|x64.ActiveCfg = Debug|Any CPU
		{C80652A2-B5BE-408C-80F5-9EA569ACC28D}.Debug|x64.Build.0 = Debug|Any CPU
		{C80652A2-B5BE-408C-80F5-9EA569ACC28D}.Debug|x86.ActiveCfg = Debug|Any CPU
		{C80652A2-B5BE-408C-80F5-9EA569ACC28D}.Debug|x86.Build.0 = Debug|Any CPU
		{C80652A2-B5BE-408C-80F5-9EA569ACC28D}.Release|Any CPU.ActiveCfg = Release|Any CPU
		{C80652A2-B5BE-408C-80F5-9EA569ACC28D}.Release|Any CPU.Build.0 = Release|Any CPU
		{C80652A2-B5BE-408C-80F5-9EA569ACC28D}.Release|x64.ActiveCfg = Release|Any CPU
		{C80652A2-B5BE-408C-80F5-9EA569ACC28D}.Release|x64.Build.0 = Release|Any CPU
		{C80652A2-B5BE-408C-80F5-9EA569ACC28D}.Release|x86.ActiveCfg = Release|Any CPU
		{C80652A2-B5BE-408C-80F5-9EA569ACC28D}.Release|x86.Build.0 = Release|Any CPU
	EndGlobalSection
	GlobalSection(SolutionProperties) = preSolution
		HideSolutionNode = FALSE
	EndGlobalSection
EndGlobal
